// !$*UTF8*$!
{
	archiveVersion = 1;
	classes = {
	};
	objectVersion = 46;
	objects = {

/* Begin PBXBuildFile section */
		54BBB7D31C532BEA00BEEB51 /* AppDelegate.swift in Sources */ = {isa = PBXBuildFile; fileRef = 54BBB7D21C532BEA00BEEB51 /* AppDelegate.swift */; };
		54BBB7D81C532BEA00BEEB51 /* Main.storyboard in Resources */ = {isa = PBXBuildFile; fileRef = 54BBB7D61C532BEA00BEEB51 /* Main.storyboard */; };
		54BBB7DA1C532BEA00BEEB51 /* Assets.xcassets in Resources */ = {isa = PBXBuildFile; fileRef = 54BBB7D91C532BEA00BEEB51 /* Assets.xcassets */; };
		54BBB7DD1C532BEA00BEEB51 /* LaunchScreen.storyboard in Resources */ = {isa = PBXBuildFile; fileRef = 54BBB7DB1C532BEA00BEEB51 /* LaunchScreen.storyboard */; };
		54BBB7E51C5338F400BEEB51 /* MoviesViewController.swift in Sources */ = {isa = PBXBuildFile; fileRef = 54BBB7E41C5338F400BEEB51 /* MoviesViewController.swift */; };
		54BBB7E81C53463F00BEEB51 /* MovieCell.swift in Sources */ = {isa = PBXBuildFile; fileRef = 54BBB7E71C53463F00BEEB51 /* MovieCell.swift */; };
		54F056491C54A13D00C2F50F /* errortriangle.jpeg in Resources */ = {isa = PBXBuildFile; fileRef = 54F056481C54A13D00C2F50F /* errortriangle.jpeg */; };
		F0C49E8BE4B0A6A71B6E011D /* Pods_Flicks.framework in Frameworks */ = {isa = PBXBuildFile; fileRef = EF0EF2B8FA81A3F8C87E4F1A /* Pods_Flicks.framework */; };
/* End PBXBuildFile section */

/* Begin PBXFileReference section */
		19455CEA5DFBEBB8F3426105 /* Pods-Flicks.release.xcconfig */ = {isa = PBXFileReference; includeInIndex = 1; lastKnownFileType = text.xcconfig; name = "Pods-Flicks.release.xcconfig"; path = "Pods/Target Support Files/Pods-Flicks/Pods-Flicks.release.xcconfig"; sourceTree = "<group>"; };
		54BBB7CF1C532BEA00BEEB51 /* Flicks.app */ = {isa = PBXFileReference; explicitFileType = wrapper.application; includeInIndex = 0; path = Flicks.app; sourceTree = BUILT_PRODUCTS_DIR; };
		54BBB7D21C532BEA00BEEB51 /* AppDelegate.swift */ = {isa = PBXFileReference; lastKnownFileType = sourcecode.swift; path = AppDelegate.swift; sourceTree = "<group>"; };
		54BBB7D71C532BEA00BEEB51 /* Base */ = {isa = PBXFileReference; lastKnownFileType = file.storyboard; name = Base; path = Base.lproj/Main.storyboard; sourceTree = "<group>"; };
		54BBB7D91C532BEA00BEEB51 /* Assets.xcassets */ = {isa = PBXFileReference; lastKnownFileType = folder.assetcatalog; path = Assets.xcassets; sourceTree = "<group>"; };
		54BBB7DC1C532BEA00BEEB51 /* Base */ = {isa = PBXFileReference; lastKnownFileType = file.storyboard; name = Base; path = Base.lproj/LaunchScreen.storyboard; sourceTree = "<group>"; };
		54BBB7DE1C532BEA00BEEB51 /* Info.plist */ = {isa = PBXFileReference; lastKnownFileType = text.plist.xml; path = Info.plist; sourceTree = "<group>"; };
		54BBB7E41C5338F400BEEB51 /* MoviesViewController.swift */ = {isa = PBXFileReference; fileEncoding = 4; lastKnownFileType = sourcecode.swift; path = MoviesViewController.swift; sourceTree = "<group>"; };
		54BBB7E71C53463F00BEEB51 /* MovieCell.swift */ = {isa = PBXFileReference; fileEncoding = 4; lastKnownFileType = sourcecode.swift; path = MovieCell.swift; sourceTree = "<group>"; };
		54F056481C54A13D00C2F50F /* errortriangle.jpeg */ = {isa = PBXFileReference; lastKnownFileType = image.jpeg; path = errortriangle.jpeg; sourceTree = "<group>"; };
		E74E6C8B77B3776147E12540 /* Pods-Flicks.debug.xcconfig */ = {isa = PBXFileReference; includeInIndex = 1; lastKnownFileType = text.xcconfig; name = "Pods-Flicks.debug.xcconfig"; path = "Pods/Target Support Files/Pods-Flicks/Pods-Flicks.debug.xcconfig"; sourceTree = "<group>"; };
		EF0EF2B8FA81A3F8C87E4F1A /* Pods_Flicks.framework */ = {isa = PBXFileReference; explicitFileType = wrapper.framework; includeInIndex = 0; path = Pods_Flicks.framework; sourceTree = BUILT_PRODUCTS_DIR; };
/* End PBXFileReference section */

/* Begin PBXFrameworksBuildPhase section */
		54BBB7CC1C532BEA00BEEB51 /* Frameworks */ = {
			isa = PBXFrameworksBuildPhase;
			buildActionMask = 2147483647;
			files = (
				F0C49E8BE4B0A6A71B6E011D /* Pods_Flicks.framework in Frameworks */,
			);
			runOnlyForDeploymentPostprocessing = 0;
		};
/* End PBXFrameworksBuildPhase section */

/* Begin PBXGroup section */
		2890A22FD69A516DD6BA7298 /* Frameworks */ = {
			isa = PBXGroup;
			children = (
				EF0EF2B8FA81A3F8C87E4F1A /* Pods_Flicks.framework */,
			);
			name = Frameworks;
			sourceTree = "<group>";
		};
		54BBB7C61C532BEA00BEEB51 = {
			isa = PBXGroup;
			children = (
				54BBB7D11C532BEA00BEEB51 /* Flicks */,
				54BBB7D01C532BEA00BEEB51 /* Products */,
				D3DB4E245A9293F0B38BC7BE /* Pods */,
				2890A22FD69A516DD6BA7298 /* Frameworks */,
			);
			sourceTree = "<group>";
		};
		54BBB7D01C532BEA00BEEB51 /* Products */ = {
			isa = PBXGroup;
			children = (
				54BBB7CF1C532BEA00BEEB51 /* Flicks.app */,
			);
			name = Products;
			sourceTree = "<group>";
		};
		54BBB7D11C532BEA00BEEB51 /* Flicks */ = {
			isa = PBXGroup;
			children = (
				54BBB7E91C53465C00BEEB51 /* view controller */,
				54BBB7E61C53460E00BEEB51 /* Views */,
				54BBB7D21C532BEA00BEEB51 /* AppDelegate.swift */,
				54BBB7D61C532BEA00BEEB51 /* Main.storyboard */,
				54BBB7D91C532BEA00BEEB51 /* Assets.xcassets */,
				54BBB7DB1C532BEA00BEEB51 /* LaunchScreen.storyboard */,
				54BBB7DE1C532BEA00BEEB51 /* Info.plist */,
			);
			path = Flicks;
			sourceTree = "<group>";
		};
		54BBB7E61C53460E00BEEB51 /* Views */ = {
			isa = PBXGroup;
			children = (
				54F056481C54A13D00C2F50F /* errortriangle.jpeg */,
				54BBB7E71C53463F00BEEB51 /* MovieCell.swift */,
			);
			name = Views;
			sourceTree = "<group>";
		};
		54BBB7E91C53465C00BEEB51 /* view controller */ = {
			isa = PBXGroup;
			children = (
				54BBB7E41C5338F400BEEB51 /* MoviesViewController.swift */,
			);
			name = "view controller";
			sourceTree = "<group>";
		};
		D3DB4E245A9293F0B38BC7BE /* Pods */ = {
			isa = PBXGroup;
			children = (
				E74E6C8B77B3776147E12540 /* Pods-Flicks.debug.xcconfig */,
				19455CEA5DFBEBB8F3426105 /* Pods-Flicks.release.xcconfig */,
			);
			name = Pods;
			sourceTree = "<group>";
		};
/* End PBXGroup section */

/* Begin PBXNativeTarget section */
		54BBB7CE1C532BEA00BEEB51 /* Flicks */ = {
			isa = PBXNativeTarget;
			buildConfigurationList = 54BBB7E11C532BEA00BEEB51 /* Build configuration list for PBXNativeTarget "Flicks" */;
			buildPhases = (
				14DDAB00CCE3BE94E94A1F84 /* Check Pods Manifest.lock */,
				54BBB7CB1C532BEA00BEEB51 /* Sources */,
				54BBB7CC1C532BEA00BEEB51 /* Frameworks */,
				54BBB7CD1C532BEA00BEEB51 /* Resources */,
				BB16D1BECF5087A52A02FCE3 /* Embed Pods Frameworks */,
				1D33F09F0D837B6DB8AB691E /* Copy Pods Resources */,
			);
			buildRules = (
			);
			dependencies = (
			);
			name = Flicks;
			productName = Flicks;
			productReference = 54BBB7CF1C532BEA00BEEB51 /* Flicks.app */;
			productType = "com.apple.product-type.application";
		};
/* End PBXNativeTarget section */

/* Begin PBXProject section */
		54BBB7C71C532BEA00BEEB51 /* Project object */ = {
			isa = PBXProject;
			attributes = {
				LastSwiftUpdateCheck = 0720;
				LastUpgradeCheck = 0720;
				ORGANIZATIONNAME = makhmudislamov;
				TargetAttributes = {
					54BBB7CE1C532BEA00BEEB51 = {
						CreatedOnToolsVersion = 7.2;
					};
				};
			};
			buildConfigurationList = 54BBB7CA1C532BEA00BEEB51 /* Build configuration list for PBXProject "Flicks" */;
			compatibilityVersion = "Xcode 3.2";
			developmentRegion = English;
			hasScannedForEncodings = 0;
			knownRegions = (
				en,
				Base,
			);
			mainGroup = 54BBB7C61C532BEA00BEEB51;
			productRefGroup = 54BBB7D01C532BEA00BEEB51 /* Products */;
			projectDirPath = "";
			projectRoot = "";
			targets = (
				54BBB7CE1C532BEA00BEEB51 /* Flicks */,
			);
		};
/* End PBXProject section */

/* Begin PBXResourcesBuildPhase section */
		54BBB7CD1C532BEA00BEEB51 /* Resources */ = {
			isa = PBXResourcesBuildPhase;
			buildActionMask = 2147483647;
			files = (
				54BBB7DD1C532BEA00BEEB51 /* LaunchScreen.storyboard in Resources */,
				54BBB7DA1C532BEA00BEEB51 /* Assets.xcassets in Resources */,
				54F056491C54A13D00C2F50F /* errortriangle.jpeg in Resources */,
				54BBB7D81C532BEA00BEEB51 /* Main.storyboard in Resources */,
			);
			runOnlyForDeploymentPostprocessing = 0;
		};
/* End PBXResourcesBuildPhase section */

/* Begin PBXShellScriptBuildPhase section */
		14DDAB00CCE3BE94E94A1F84 /* Check Pods Manifest.lock */ = {
			isa = PBXShellScriptBuildPhase;
			buildActionMask = 2147483647;
			files = (
			);
			inputPaths = (
			);
			name = "Check Pods Manifest.lock";
			outputPaths = (
			);
			runOnlyForDeploymentPostprocessing = 0;
			shellPath = /bin/sh;
			shellScript = "diff \"${PODS_ROOT}/../Podfile.lock\" \"${PODS_ROOT}/Manifest.lock\" > /dev/null\nif [[ $? != 0 ]] ; then\n    cat << EOM\nerror: The sandbox is not in sync with the Podfile.lock. Run 'pod install' or update your CocoaPods installation.\nEOM\n    exit 1\nfi\n";
			showEnvVarsInLog = 0;
		};
		1D33F09F0D837B6DB8AB691E /* Copy Pods Resources */ = {
			isa = PBXShellScriptBuildPhase;
			buildActionMask = 2147483647;
			files = (
			);
			inputPaths = (
			);
			name = "Copy Pods Resources";
			outputPaths = (
			);
			runOnlyForDeploymentPostprocessing = 0;
			shellPath = /bin/sh;
			shellScript = "\"${SRCROOT}/Pods/Target Support Files/Pods-Flicks/Pods-Flicks-resources.sh\"\n";
			showEnvVarsInLog = 0;
		};
		BB16D1BECF5087A52A02FCE3 /* Embed Pods Frameworks */ = {
			isa = PBXShellScriptBuildPhase;
			buildActionMask = 2147483647;
			files = (
			);
			inputPaths = (
			);
			name = "Embed Pods Frameworks";
			outputPaths = (
			);
			runOnlyForDeploymentPostprocessing = 0;
			shellPath = /bin/sh;
			shellScript = "\"${SRCROOT}/Pods/Target Support Files/Pods-Flicks/Pods-Flicks-frameworks.sh\"\n";
			showEnvVarsInLog = 0;
		};
/* End PBXShellScriptBuildPhase section */

/* Begin PBXSourcesBuildPhase section */
		54BBB7CB1C532BEA00BEEB51 /* Sources */ = {
			isa = PBXSourcesBuildPhase;
			buildActionMask = 2147483647;
			files = (
				54BBB7D31C532BEA00BEEB51 /* AppDelegate.swift in Sources */,
				54BBB7E51C5338F400BEEB51 /* MoviesViewController.swift in Sources */,
				54BBB7E81C53463F00BEEB51 /* MovieCell.swift in Sources */,
			);
			runOnlyForDeploymentPostprocessing = 0;
		};
/* End PBXSourcesBuildPhase section */

/* Begin PBXVariantGroup section */
		54BBB7D61C532BEA00BEEB51 /* Main.storyboard */ = {
			isa = PBXVariantGroup;
			children = (
				54BBB7D71C532BEA00BEEB51 /* Base */,
			);
			name = Main.storyboard;
			sourceTree = "<group>";
		};
		54BBB7DB1C532BEA00BEEB51 /* LaunchScreen.storyboard */ = {
			isa = PBXVariantGroup;
			children = (
				54BBB7DC1C532BEA00BEEB51 /* Base */,
			);
			name = LaunchScreen.storyboard;
			sourceTree = "<group>";
		};
/* End PBXVariantGroup section */

/* Begin XCBuildConfiguration section */
		54BBB7DF1C532BEA00BEEB51 /* Debug */ = {
			isa = XCBuildConfiguration;
			buildSettings = {
				ALWAYS_SEARCH_USER_PATHS = NO;
				CLANG_CXX_LANGUAGE_STANDARD = "gnu++0x";
				CLANG_CXX_LIBRARY = "libc++";
				CLANG_ENABLE_MODULES = YES;
				CLANG_ENABLE_OBJC_ARC = YES;
				CLANG_WARN_BOOL_CONVERSION = YES;
				CLANG_WARN_CONSTANT_CONVERSION = YES;
				CLANG_WARN_DIRECT_OBJC_ISA_USAGE = YES_ERROR;
				CLANG_WARN_EMPTY_BODY = YES;
				CLANG_WARN_ENUM_CONVERSION = YES;
				CLANG_WARN_INT_CONVERSION = YES;
				CLANG_WARN_OBJC_ROOT_CLASS = YES_ERROR;
				CLANG_WARN_UNREACHABLE_CODE = YES;
				CLANG_WARN__DUPLICATE_METHOD_MATCH = YES;
				"CODE_SIGN_IDENTITY[sdk=iphoneos*]" = "iPhone Developer";
				COPY_PHASE_STRIP = NO;
				DEBUG_INFORMATION_FORMAT = dwarf;
				ENABLE_STRICT_OBJC_MSGSEND = YES;
				ENABLE_TESTABILITY = YES;
				GCC_C_LANGUAGE_STANDARD = gnu99;
				GCC_DYNAMIC_NO_PIC = NO;
				GCC_NO_COMMON_BLOCKS = YES;
				GCC_OPTIMIZATION_LEVEL = 0;
				GCC_PREPROCESSOR_DEFINITIONS = (
					"DEBUG=1",
					"$(inherited)",
				);
				GCC_WARN_64_TO_32_BIT_CONVERSION = YES;
				GCC_WARN_ABOUT_RETURN_TYPE = YES_ERROR;
				GCC_WARN_UNDECLARED_SELECTOR = YES;
				GCC_WARN_UNINITIALIZED_AUTOS = YES_AGGRESSIVE;
				GCC_WARN_UNUSED_FUNCTION = YES;
				GCC_WARN_UNUSED_VARIABLE = YES;
				IPHONEOS_DEPLOYMENT_TARGET = 9.2;
				MTL_ENABLE_DEBUG_INFO = YES;
				ONLY_ACTIVE_ARCH = YES;
				SDKROOT = iphoneos;
				SWIFT_OPTIMIZATION_LEVEL = "-Onone";
				TARGETED_DEVICE_FAMILY = "1,2";
			};
			name = Debug;
		};
		54BBB7E01C532BEA00BEEB51 /* Release */ = {
			isa = XCBuildConfiguration;
			buildSettings = {
				ALWAYS_SEARCH_USER_PATHS = NO;
				CLANG_CXX_LANGUAGE_STANDARD = "gnu++0x";
				CLANG_CXX_LIBRARY = "libc++";
				CLANG_ENABLE_MODULES = YES;
				CLANG_ENABLE_OBJC_ARC = YES;
				CLANG_WARN_BOOL_CONVERSION = YES;
				CLANG_WARN_CONSTANT_CONVERSION = YES;
				CLANG_WARN_DIRECT_OBJC_ISA_USAGE = YES_ERROR;
				CLANG_WARN_EMPTY_BODY = YES;
				CLANG_WARN_ENUM_CONVERSION = YES;
				CLANG_WARN_INT_CONVERSION = YES;
				CLANG_WARN_OBJC_ROOT_CLASS = YES_ERROR;
				CLANG_WARN_UNREACHABLE_CODE = YES;
				CLANG_WARN__DUPLICATE_METHOD_MATCH = YES;
				"CODE_SIGN_IDENTITY[sdk=iphoneos*]" = "iPhone Developer";
				COPY_PHASE_STRIP = NO;
				DEBUG_INFORMATION_FORMAT = "dwarf-with-dsym";
				ENABLE_NS_ASSERTIONS = NO;
				ENABLE_STRICT_OBJC_MSGSEND = YES;
				GCC_C_LANGUAGE_STANDARD = gnu99;
				GCC_NO_COMMON_BLOCKS = YES;
				GCC_WARN_64_TO_32_BIT_CONVERSION = YES;
				GCC_WARN_ABOUT_RETURN_TYPE = YES_ERROR;
				GCC_WARN_UNDECLARED_SELECTOR = YES;
				GCC_WARN_UNINITIALIZED_AUTOS = YES_AGGRESSIVE;
				GCC_WARN_UNUSED_FUNCTION = YES;
				GCC_WARN_UNUSED_VARIABLE = YES;
				IPHONEOS_DEPLOYMENT_TARGET = 9.2;
				MTL_ENABLE_DEBUG_INFO = NO;
				SDKROOT = iphoneos;
				TARGETED_DEVICE_FAMILY = "1,2";
				VALIDATE_PRODUCT = YES;
			};
			name = Release;
		};
		54BBB7E21C532BEA00BEEB51 /* Debug */ = {
			isa = XCBuildConfiguration;
			baseConfigurationReference = E74E6C8B77B3776147E12540 /* Pods-Flicks.debug.xcconfig */;
			buildSettings = {
				ASSETCATALOG_COMPILER_APPICON_NAME = AppIcon;
				INFOPLIST_FILE = Flicks/Info.plist;
				LD_RUNPATH_SEARCH_PATHS = "$(inherited) @executable_path/Frameworks";
				PRODUCT_BUNDLE_IDENTIFIER = codepath.com.Flicks;
				PRODUCT_NAME = "$(TARGET_NAME)";
			};
			name = Debug;
		};
		54BBB7E31C532BEA00BEEB51 /* Release */ = {
			isa = XCBuildConfiguration;
			baseConfigurationReference = 19455CEA5DFBEBB8F3426105 /* Pods-Flicks.release.xcconfig */;
			buildSettings = {
				ASSETCATALOG_COMPILER_APPICON_NAME = AppIcon;
				INFOPLIST_FILE = Flicks/Info.plist;
				LD_RUNPATH_SEARCH_PATHS = "$(inherited) @executable_path/Frameworks";
				PRODUCT_BUNDLE_IDENTIFIER = codepath.com.Flicks;
				PRODUCT_NAME = "$(TARGET_NAME)";
			};
			name = Release;
		};
/* End XCBuildConfiguration section */

/* Begin XCConfigurationList section */
		54BBB7CA1C532BEA00BEEB51 /* Build configuration list for PBXProject "Flicks" */ = {
			isa = XCConfigurationList;
			buildConfigurations = (
				54BBB7DF1C532BEA00BEEB51 /* Debug */,
				54BBB7E01C532BEA00BEEB51 /* Release */,
			);
			defaultConfigurationIsVisible = 0;
			defaultConfigurationName = Release;
		};
		54BBB7E11C532BEA00BEEB51 /* Build configuration list for PBXNativeTarget "Flicks" */ = {
			isa = XCConfigurationList;
			buildConfigurations = (
				54BBB7E21C532BEA00BEEB51 /* Debug */,
				54BBB7E31C532BEA00BEEB51 /* Release */,
			);
			defaultConfigurationIsVisible = 0;
			defaultConfigurationName = Release;
		};
/* End XCConfigurationList section */
	};
	rootObject = 54BBB7C71C532BEA00BEEB51 /* Project object */;
}
